
Microsoft Visual Studio Solution File, Format Version 12.00
# Visual Studio 15
VisualStudioVersion = 15.0.27703.2026
MinimumVisualStudioVersion = 10.0.40219.1
Project("{FAE04EC0-301F-11D3-BF4B-00C04F79EFBC}") = "React Core Demo", "React Core Demo\React Core Demo.csproj", "{F81205D3-12A3-4294-8523-71E0511FBC33}"
EndProject
Global
	GlobalSection(SolutionConfigurationPlatforms) = preSolution
		Debug|Any CPU = Debug|Any CPU
		Release|Any CPU = Release|Any CPU
	EndGlobalSection
	GlobalSection(ProjectConfigurationPlatforms) = postSolution
		{F81205D3-12A3-4294-8523-71E0511FBC33}.Debug|Any CPU.ActiveCfg = Debug|Any CPU
		{F81205D3-12A3-4294-8523-71E0511FBC33}.Debug|Any CPU.Build.0 = Debug|Any CPU
		{F81205D3-12A3-4294-8523-71E0511FBC33}.Release|Any CPU.ActiveCfg = Release|Any CPU
		{F81205D3-12A3-4294-8523-71E0511FBC33}.Release|Any CPU.Build.0 = Release|Any CPU
	EndGlobalSection
	GlobalSection(SolutionProperties) = preSolution
		HideSolutionNode = FALSE
	EndGlobalSection
	GlobalSection(ExtensibilityGlobals) = postSolution
		SolutionGuid = {81CC7894-B71C-4137-91AB-9DE6ADCC81A9}
	EndGlobalSection
EndGlobal
